
Microsoft Visual Studio Solution File, Format Version 12.00
# Visual Studio 14
VisualStudioVersion = 14.0.25420.1
MinimumVisualStudioVersion = 10.0.40219.1
Project("{FAE04EC0-301F-11D3-BF4B-00C04F79EFBC}") = "WebView_Test", "WebView_Test\WebView_Test\WebView_Test.csproj", "{73CA4ACA-B379-47C9-8EFB-0C58F8851418}"
EndProject
Project("{FAE04EC0-301F-11D3-BF4B-00C04F79EFBC}") = "WebView_Test.Droid", "WebView_Test\WebView_Test.Droid\WebView_Test.Droid.csproj", "{D945BB28-0FF6-4707-8F11-3816B81C501C}"
EndProject
Project("{FAE04EC0-301F-11D3-BF4B-00C04F79EFBC}") = "WebView_Test.iOS", "WebView_Test\WebView_Test.iOS\WebView_Test.iOS.csproj", "{2D8C3637-57A7-41F1-8F16-D80DAEEC9C5B}"
EndProject
Project("{FAE04EC0-301F-11D3-BF4B-00C04F79EFBC}") = "WebView_Test.WinPhone", "WebView_Test\WebView_Test.WinPhone\WebView_Test.WinPhone.csproj", "{1DBD34B8-C303-4978-B01C-B9769C00C4AA}"
EndProject
Project("{FAE04EC0-301F-11D3-BF4B-00C04F79EFBC}") = "WebView_Test.UWP", "WebView_Test\WebView_Test.UWP\WebView_Test.UWP.csproj", "{DD75C50E-9A50-4777-849A-CE4202EE9DE7}"
EndProject
Project("{FAE04EC0-301F-11D3-BF4B-00C04F79EFBC}") = "WebView_Test.Windows", "WebView_Test\WebView_Test.Windows\WebView_Test.Windows.csproj", "{E1EB5D6C-7696-4982-9EC0-CCDE451A75AC}"
EndProject
Global
	GlobalSection(SolutionConfigurationPlatforms) = preSolution
		Ad-Hoc|Any CPU = Ad-Hoc|Any CPU
		Ad-Hoc|ARM = Ad-Hoc|ARM
		Ad-Hoc|iPhone = Ad-Hoc|iPhone
		Ad-Hoc|iPhoneSimulator = Ad-Hoc|iPhoneSimulator
		Ad-Hoc|x64 = Ad-Hoc|x64
		Ad-Hoc|x86 = Ad-Hoc|x86
		AppStore|Any CPU = AppStore|Any CPU
		AppStore|ARM = AppStore|ARM
		AppStore|iPhone = AppStore|iPhone
		AppStore|iPhoneSimulator = AppStore|iPhoneSimulator
		AppStore|x64 = AppStore|x64
		AppStore|x86 = AppStore|x86
		Debug|Any CPU = Debug|Any CPU
		Debug|ARM = Debug|ARM
		Debug|iPhone = Debug|iPhone
		Debug|iPhoneSimulator = Debug|iPhoneSimulator
		Debug|x64 = Debug|x64
		Debug|x86 = Debug|x86
		Release|Any CPU = Release|Any CPU
		Release|ARM = Release|ARM
		Release|iPhone = Release|iPhone
		Release|iPhoneSimulator = Release|iPhoneSimulator
		Release|x64 = Release|x64
		Release|x86 = Release|x86
	EndGlobalSection
	GlobalSection(ProjectConfigurationPlatforms) = postSolution
		{73CA4ACA-B379-47C9-8EFB-0C58F8851418}.Ad-Hoc|Any CPU.ActiveCfg = Release|Any CPU
		{73CA4ACA-B379-47C9-8EFB-0C58F8851418}.Ad-Hoc|Any CPU.Build.0 = Release|Any CPU
		{73CA4ACA-B379-47C9-8EFB-0C58F8851418}.Ad-Hoc|ARM.ActiveCfg = Release|Any CPU
		{73CA4ACA-B379-47C9-8EFB-0C58F8851418}.Ad-Hoc|ARM.Build.0 = Release|Any CPU
		{73CA4ACA-B379-47C9-8EFB-0C58F8851418}.Ad-Hoc|iPhone.ActiveCfg = Release|Any CPU
		{73CA4ACA-B379-47C9-8EFB-0C58F8851418}.Ad-Hoc|iPhone.Build.0 = Release|Any CPU
		{73CA4ACA-B379-47C9-8EFB-0C58F8851418}.Ad-Hoc|iPhoneSimulator.ActiveCfg = Release|Any CPU
		{73CA4ACA-B379-47C9-8EFB-0C58F8851418}.Ad-Hoc|iPhoneSimulator.Build.0 = Release|Any CPU
		{73CA4ACA-B379-47C9-8EFB-0C58F8851418}.Ad-Hoc|x64.ActiveCfg = Release|Any CPU
		{73CA4ACA-B379-47C9-8EFB-0C58F8851418}.Ad-Hoc|x64.Build.0 = Release|Any CPU
		{73CA4ACA-B379-47C9-8EFB-0C58F8851418}.Ad-Hoc|x86.ActiveCfg = Release|Any CPU
		{73CA4ACA-B379-47C9-8EFB-0C58F8851418}.Ad-Hoc|x86.Build.0 = Release|Any CPU
		{73CA4ACA-B379-47C9-8EFB-0C58F8851418}.AppStore|Any CPU.ActiveCfg = Release|Any CPU
		{73CA4ACA-B379-47C9-8EFB-0C58F8851418}.AppStore|Any CPU.Build.0 = Release|Any CPU
		{73CA4ACA-B379-47C9-8EFB-0C58F8851418}.AppStore|ARM.ActiveCfg = Release|Any CPU
		{73CA4ACA-B379-47C9-8EFB-0C58F8851418}.AppStore|ARM.Build.0 = Release|Any CPU
		{73CA4ACA-B379-47C9-8EFB-0C58F8851418}.AppStore|iPhone.ActiveCfg = Release|Any CPU
		{73CA4ACA-B379-47C9-8EFB-0C58F8851418}.AppStore|iPhone.Build.0 = Release|Any CPU
		{73CA4ACA-B379-47C9-8EFB-0C58F8851418}.AppStore|iPhoneSimulator.ActiveCfg = Release|Any CPU
		{73CA4ACA-B379-47C9-8EFB-0C58F8851418}.AppStore|iPhoneSimulator.Build.0 = Release|Any CPU
		{73CA4ACA-B379-47C9-8EFB-0C58F8851418}.AppStore|x64.ActiveCfg = Release|Any CPU
		{73CA4ACA-B379-47C9-8EFB-0C58F8851418}.AppStore|x64.Build.0 = Release|Any CPU
		{73CA4ACA-B379-47C9-8EFB-0C58F8851418}.AppStore|x86.ActiveCfg = Release|Any CPU
		{73CA4ACA-B379-47C9-8EFB-0C58F8851418}.AppStore|x86.Build.0 = Release|Any CPU
		{73CA4ACA-B379-47C9-8EFB-0C58F8851418}.Debug|Any CPU.ActiveCfg = Debug|Any CPU
		{73CA4ACA-B379-47C9-8EFB-0C58F8851418}.Debug|Any CPU.Build.0 = Debug|Any CPU
		{73CA4ACA-B379-47C9-8EFB-0C58F8851418}.Debug|ARM.ActiveCfg = Debug|Any CPU
		{73CA4ACA-B379-47C9-8EFB-0C58F8851418}.Debug|ARM.Build.0 = Debug|Any CPU
		{73CA4ACA-B379-47C9-8EFB-0C58F8851418}.Debug|iPhone.ActiveCfg = Debug|Any CPU
		{73CA4ACA-B379-47C9-8EFB-0C58F8851418}.Debug|iPhone.Build.0 = Debug|Any CPU
		{73CA4ACA-B379-47C9-8EFB-0C58F8851418}.Debug|iPhoneSimulator.ActiveCfg = Debug|Any CPU
		{73CA4ACA-B379-47C9-8EFB-0C58F8851418}.Debug|iPhoneSimulator.Build.0 = Debug|Any CPU
		{73CA4ACA-B379-47C9-8EFB-0C58F8851418}.Debug|x64.ActiveCfg = Debug|Any CPU
		{73CA4ACA-B379-47C9-8EFB-0C58F8851418}.Debug|x64.Build.0 = Debug|Any CPU
		{73CA4ACA-B379-47C9-8EFB-0C58F8851418}.Debug|x86.ActiveCfg = Debug|Any CPU
		{73CA4ACA-B379-47C9-8EFB-0C58F8851418}.Debug|x86.Build.0 = Debug|Any CPU
		{73CA4ACA-B379-47C9-8EFB-0C58F8851418}.Release|Any CPU.ActiveCfg = Release|Any CPU
		{73CA4ACA-B379-47C9-8EFB-0C58F8851418}.Release|Any CPU.Build.0 = Release|Any CPU
		{73CA4ACA-B379-47C9-8EFB-0C58F8851418}.Release|ARM.ActiveCfg = Release|Any CPU
		{73CA4ACA-B379-47C9-8EFB-0C58F8851418}.Release|ARM.Build.0 = Release|Any CPU
		{73CA4ACA-B379-47C9-8EFB-0C58F8851418}.Release|iPhone.ActiveCfg = Release|Any CPU
		{73CA4ACA-B379-47C9-8EFB-0C58F8851418}.Release|iPhone.Build.0 = Release|Any CPU
		{73CA4ACA-B379-47C9-8EFB-0C58F8851418}.Release|iPhoneSimulator.ActiveCfg = Release|Any CPU
		{73CA4ACA-B379-47C9-8EFB-0C58F8851418}.Release|iPhoneSimulator.Build.0 = Release|Any CPU
		{73CA4ACA-B379-47C9-8EFB-0C58F8851418}.Release|x64.ActiveCfg = Release|Any CPU
		{73CA4ACA-B379-47C9-8EFB-0C58F8851418}.Release|x64.Build.0 = Release|Any CPU
		{73CA4ACA-B379-47C9-8EFB-0C58F8851418}.Release|x86.ActiveCfg = Release|Any CPU
		{73CA4ACA-B379-47C9-8EFB-0C58F8851418}.Release|x86.Build.0 = Release|Any CPU
		{D945BB28-0FF6-4707-8F11-3816B81C501C}.Ad-Hoc|Any CPU.ActiveCfg = Release|Any CPU
		{D945BB28-0FF6-4707-8F11-3816B81C501C}.Ad-Hoc|Any CPU.Build.0 = Release|Any CPU
		{D945BB28-0FF6-4707-8F11-3816B81C501C}.Ad-Hoc|Any CPU.Deploy.0 = Release|Any CPU
		{D945BB28-0FF6-4707-8F11-3816B81C501C}.Ad-Hoc|ARM.ActiveCfg = Release|Any CPU
		{D945BB28-0FF6-4707-8F11-3816B81C501C}.Ad-Hoc|ARM.Build.0 = Release|Any CPU
		{D945BB28-0FF6-4707-8F11-3816B81C501C}.Ad-Hoc|ARM.Deploy.0 = Release|Any CPU
		{D945BB28-0FF6-4707-8F11-3816B81C501C}.Ad-Hoc|iPhone.ActiveCfg = Release|Any CPU
		{D945BB28-0FF6-4707-8F11-3816B81C501C}.Ad-Hoc|iPhone.Build.0 = Release|Any CPU
		{D945BB28-0FF6-4707-8F11-3816B81C501C}.Ad-Hoc|iPhone.Deploy.0 = Release|Any CPU
		{D945BB28-0FF6-4707-8F11-3816B81C501C}.Ad-Hoc|iPhoneSimulator.ActiveCfg = Release|Any CPU
		{D945BB28-0FF6-4707-8F11-3816B81C501C}.Ad-Hoc|iPhoneSimulator.Build.0 = Release|Any CPU
		{D945BB28-0FF6-4707-8F11-3816B81C501C}.Ad-Hoc|iPhoneSimulator.Deploy.0 = Release|Any CPU
		{D945BB28-0FF6-4707-8F11-3816B81C501C}.Ad-Hoc|x64.ActiveCfg = Release|Any CPU
		{D945BB28-0FF6-4707-8F11-3816B81C501C}.Ad-Hoc|x64.Build.0 = Release|Any CPU
		{D945BB28-0FF6-4707-8F11-3816B81C501C}.Ad-Hoc|x64.Deploy.0 = Release|Any CPU
		{D945BB28-0FF6-4707-8F11-3816B81C501C}.Ad-Hoc|x86.ActiveCfg = Release|Any CPU
		{D945BB28-0FF6-4707-8F11-3816B81C501C}.Ad-Hoc|x86.Build.0 = Release|Any CPU
		{D945BB28-0FF6-4707-8F11-3816B81C501C}.Ad-Hoc|x86.Deploy.0 = Release|Any CPU
		{D945BB28-0FF6-4707-8F11-3816B81C501C}.AppStore|Any CPU.ActiveCfg = Release|Any CPU
		{D945BB28-0FF6-4707-8F11-3816B81C501C}.AppStore|Any CPU.Build.0 = Release|Any CPU
		{D945BB28-0FF6-4707-8F11-3816B81C501C}.AppStore|Any CPU.Deploy.0 = Release|Any CPU
		{D945BB28-0FF6-4707-8F11-3816B81C501C}.AppStore|ARM.ActiveCfg = Release|Any CPU
		{D945BB28-0FF6-4707-8F11-3816B81C501C}.AppStore|ARM.Build.0 = Release|Any CPU
		{D945BB28-0FF6-4707-8F11-3816B81C501C}.AppStore|ARM.Deploy.0 = Release|Any CPU
		{D945BB28-0FF6-4707-8F11-3816B81C501C}.AppStore|iPhone.ActiveCfg = Release|Any CPU
		{D945BB28-0FF6-4707-8F11-3816B81C501C}.AppStore|iPhone.Build.0 = Release|Any CPU
		{D945BB28-0FF6-4707-8F11-3816B81C501C}.AppStore|iPhone.Deploy.0 = Release|Any CPU
		{D945BB28-0FF6-4707-8F11-3816B81C501C}.AppStore|iPhoneSimulator.ActiveCfg = Release|Any CPU
		{D945BB28-0FF6-4707-8F11-3816B81C501C}.AppStore|iPhoneSimulator.Build.0 = Release|Any CPU
		{D945BB28-0FF6-4707-8F11-3816B81C501C}.AppStore|iPhoneSimulator.Deploy.0 = Release|Any CPU
		{D945BB28-0FF6-4707-8F11-3816B81C501C}.AppStore|x64.ActiveCfg = Release|Any CPU
		{D945BB28-0FF6-4707-8F11-3816B81C501C}.AppStore|x64.Build.0 = Release|Any CPU
		{D945BB28-0FF6-4707-8F11-3816B81C501C}.AppStore|x64.Deploy.0 = Release|Any CPU
		{D945BB28-0FF6-4707-8F11-3816B81C501C}.AppStore|x86.ActiveCfg = Release|Any CPU
		{D945BB28-0FF6-4707-8F11-3816B81C501C}.AppStore|x86.Build.0 = Release|Any CPU
		{D945BB28-0FF6-4707-8F11-3816B81C501C}.AppStore|x86.Deploy.0 = Release|Any CPU
		{D945BB28-0FF6-4707-8F11-3816B81C501C}.Debug|Any CPU.ActiveCfg = Debug|Any CPU
		{D945BB28-0FF6-4707-8F11-3816B81C501C}.Debug|Any CPU.Build.0 = Debug|Any CPU
		{D945BB28-0FF6-4707-8F11-3816B81C501C}.Debug|Any CPU.Deploy.0 = Debug|Any CPU
		{D945BB28-0FF6-4707-8F11-3816B81C501C}.Debug|ARM.ActiveCfg = Debug|Any CPU
		{D945BB28-0FF6-4707-8F11-3816B81C501C}.Debug|ARM.Build.0 = Debug|Any CPU
		{D945BB28-0FF6-4707-8F11-3816B81C501C}.Debug|ARM.Deploy.0 = Debug|Any CPU
		{D945BB28-0FF6-4707-8F11-3816B81C501C}.Debug|iPhone.ActiveCfg = Debug|Any CPU
		{D945BB28-0FF6-4707-8F11-3816B81C501C}.Debug|iPhone.Build.0 = Debug|Any CPU
		{D945BB28-0FF6-4707-8F11-3816B81C501C}.Debug|iPhone.Deploy.0 = Debug|Any CPU
		{D945BB28-0FF6-4707-8F11-3816B81C501C}.Debug|iPhoneSimulator.ActiveCfg = Debug|Any CPU
		{D945BB28-0FF6-4707-8F11-3816B81C501C}.Debug|iPhoneSimulator.Build.0 = Debug|Any CPU
		{D945BB28-0FF6-4707-8F11-3816B81C501C}.Debug|iPhoneSimulator.Deploy.0 = Debug|Any CPU
		{D945BB28-0FF6-4707-8F11-3816B81C501C}.Debug|x64.ActiveCfg = Debug|Any CPU
		{D945BB28-0FF6-4707-8F11-3816B81C501C}.Debug|x64.Build.0 = Debug|Any CPU
		{D945BB28-0FF6-4707-8F11-3816B81C501C}.Debug|x64.Deploy.0 = Debug|Any CPU
		{D945BB28-0FF6-4707-8F11-3816B81C501C}.Debug|x86.ActiveCfg = Debug|Any CPU
		{D945BB28-0FF6-4707-8F11-3816B81C501C}.Debug|x86.Build.0 = Debug|Any CPU
		{D945BB28-0FF6-4707-8F11-3816B81C501C}.Debug|x86.Deploy.0 = Debug|Any CPU
		{D945BB28-0FF6-4707-8F11-3816B81C501C}.Release|Any CPU.ActiveCfg = Release|Any CPU
		{D945BB28-0FF6-4707-8F11-3816B81C501C}.Release|Any CPU.Build.0 = Release|Any CPU
		{D945BB28-0FF6-4707-8F11-3816B81C501C}.Release|Any CPU.Deploy.0 = Release|Any CPU
		{D945BB28-0FF6-4707-8F11-3816B81C501C}.Release|ARM.ActiveCfg = Release|Any CPU
		{D945BB28-0FF6-4707-8F11-3816B81C501C}.Release|ARM.Build.0 = Release|Any CPU
		{D945BB28-0FF6-4707-8F11-3816B81C501C}.Release|ARM.Deploy.0 = Release|Any CPU
		{D945BB28-0FF6-4707-8F11-3816B81C501C}.Release|iPhone.ActiveCfg = Release|Any CPU
		{D945BB28-0FF6-4707-8F11-3816B81C501C}.Release|iPhone.Build.0 = Release|Any CPU
		{D945BB28-0FF6-4707-8F11-3816B81C501C}.Release|iPhone.Deploy.0 = Release|Any CPU
		{D945BB28-0FF6-4707-8F11-3816B81C501C}.Release|iPhoneSimulator.ActiveCfg = Release|Any CPU
		{D945BB28-0FF6-4707-8F11-3816B81C501C}.Release|iPhoneSimulator.Build.0 = Release|Any CPU
		{D945BB28-0FF6-4707-8F11-3816B81C501C}.Release|iPhoneSimulator.Deploy.0 = Release|Any CPU
		{D945BB28-0FF6-4707-8F11-3816B81C501C}.Release|x64.ActiveCfg = Release|Any CPU
		{D945BB28-0FF6-4707-8F11-3816B81C501C}.Release|x64.Build.0 = Release|Any CPU
		{D945BB28-0FF6-4707-8F11-3816B81C501C}.Release|x64.Deploy.0 = Release|Any CPU
		{D945BB28-0FF6-4707-8F11-3816B81C501C}.Release|x86.ActiveCfg = Release|Any CPU
		{D945BB28-0FF6-4707-8F11-3816B81C501C}.Release|x86.Build.0 = Release|Any CPU
		{D945BB28-0FF6-4707-8F11-3816B81C501C}.Release|x86.Deploy.0 = Release|Any CPU
		{2D8C3637-57A7-41F1-8F16-D80DAEEC9C5B}.Ad-Hoc|Any CPU.ActiveCfg = Ad-Hoc|iPhone
		{2D8C3637-57A7-41F1-8F16-D80DAEEC9C5B}.Ad-Hoc|ARM.ActiveCfg = Ad-Hoc|iPhone
		{2D8C3637-57A7-41F1-8F16-D80DAEEC9C5B}.Ad-Hoc|iPhone.ActiveCfg = Ad-Hoc|iPhone
		{2D8C3637-57A7-41F1-8F16-D80DAEEC9C5B}.Ad-Hoc|iPhone.Build.0 = Ad-Hoc|iPhone
		{2D8C3637-57A7-41F1-8F16-D80DAEEC9C5B}.Ad-Hoc|iPhoneSimulator.ActiveCfg = Ad-Hoc|iPhoneSimulator
		{2D8C3637-57A7-41F1-8F16-D80DAEEC9C5B}.Ad-Hoc|iPhoneSimulator.Build.0 = Ad-Hoc|iPhoneSimulator
		{2D8C3637-57A7-41F1-8F16-D80DAEEC9C5B}.Ad-Hoc|x64.ActiveCfg = Ad-Hoc|iPhone
		{2D8C3637-57A7-41F1-8F16-D80DAEEC9C5B}.Ad-Hoc|x86.ActiveCfg = Ad-Hoc|iPhone
		{2D8C3637-57A7-41F1-8F16-D80DAEEC9C5B}.AppStore|Any CPU.ActiveCfg = AppStore|iPhone
		{2D8C3637-57A7-41F1-8F16-D80DAEEC9C5B}.AppStore|ARM.ActiveCfg = AppStore|iPhone
		{2D8C3637-57A7-41F1-8F16-D80DAEEC9C5B}.AppStore|iPhone.ActiveCfg = AppStore|iPhone
		{2D8C3637-57A7-41F1-8F16-D80DAEEC9C5B}.AppStore|iPhone.Build.0 = AppStore|iPhone
		{2D8C3637-57A7-41F1-8F16-D80DAEEC9C5B}.AppStore|iPhoneSimulator.ActiveCfg = AppStore|iPhoneSimulator
		{2D8C3637-57A7-41F1-8F16-D80DAEEC9C5B}.AppStore|iPhoneSimulator.Build.0 = AppStore|iPhoneSimulator
		{2D8C3637-57A7-41F1-8F16-D80DAEEC9C5B}.AppStore|x64.ActiveCfg = AppStore|iPhone
		{2D8C3637-57A7-41F1-8F16-D80DAEEC9C5B}.AppStore|x86.ActiveCfg = AppStore|iPhone
		{2D8C3637-57A7-41F1-8F16-D80DAEEC9C5B}.Debug|Any CPU.ActiveCfg = Debug|iPhone
		{2D8C3637-57A7-41F1-8F16-D80DAEEC9C5B}.Debug|ARM.ActiveCfg = Debug|iPhone
		{2D8C3637-57A7-41F1-8F16-D80DAEEC9C5B}.Debug|iPhone.ActiveCfg = Debug|iPhone
		{2D8C3637-57A7-41F1-8F16-D80DAEEC9C5B}.Debug|iPhone.Build.0 = Debug|iPhone
		{2D8C3637-57A7-41F1-8F16-D80DAEEC9C5B}.Debug|iPhoneSimulator.ActiveCfg = Debug|iPhoneSimulator
		{2D8C3637-57A7-41F1-8F16-D80DAEEC9C5B}.Debug|iPhoneSimulator.Build.0 = Debug|iPhoneSimulator
		{2D8C3637-57A7-41F1-8F16-D80DAEEC9C5B}.Debug|x64.ActiveCfg = Debug|iPhone
		{2D8C3637-57A7-41F1-8F16-D80DAEEC9C5B}.Debug|x86.ActiveCfg = Debug|iPhone
		{2D8C3637-57A7-41F1-8F16-D80DAEEC9C5B}.Release|Any CPU.ActiveCfg = Release|iPhone
		{2D8C3637-57A7-41F1-8F16-D80DAEEC9C5B}.Release|ARM.ActiveCfg = Release|iPhone
		{2D8C3637-57A7-41F1-8F16-D80DAEEC9C5B}.Release|iPhone.ActiveCfg = Release|iPhone
		{2D8C3637-57A7-41F1-8F16-D80DAEEC9C5B}.Release|iPhone.Build.0 = Release|iPhone
		{2D8C3637-57A7-41F1-8F16-D80DAEEC9C5B}.Release|iPhoneSimulator.ActiveCfg = Release|iPhoneSimulator
		{2D8C3637-57A7-41F1-8F16-D80DAEEC9C5B}.Release|iPhoneSimulator.Build.0 = Release|iPhoneSimulator
		{2D8C3637-57A7-41F1-8F16-D80DAEEC9C5B}.Release|x64.ActiveCfg = Release|iPhone
		{2D8C3637-57A7-41F1-8F16-D80DAEEC9C5B}.Release|x86.ActiveCfg = Release|iPhone
		{1DBD34B8-C303-4978-B01C-B9769C00C4AA}.Ad-Hoc|Any CPU.ActiveCfg = Release|Any CPU
		{1DBD34B8-C303-4978-B01C-B9769C00C4AA}.Ad-Hoc|Any CPU.Build.0 = Release|Any CPU
		{1DBD34B8-C303-4978-B01C-B9769C00C4AA}.Ad-Hoc|Any CPU.Deploy.0 = Release|Any CPU
		{1DBD34B8-C303-4978-B01C-B9769C00C4AA}.Ad-Hoc|ARM.ActiveCfg = Release|ARM
		{1DBD34B8-C303-4978-B01C-B9769C00C4AA}.Ad-Hoc|ARM.Build.0 = Release|ARM
		{1DBD34B8-C303-4978-B01C-B9769C00C4AA}.Ad-Hoc|ARM.Deploy.0 = Release|ARM
		{1DBD34B8-C303-4978-B01C-B9769C00C4AA}.Ad-Hoc|iPhone.ActiveCfg = Release|Any CPU
		{1DBD34B8-C303-4978-B01C-B9769C00C4AA}.Ad-Hoc|iPhone.Build.0 = Release|Any CPU
		{1DBD34B8-C303-4978-B01C-B9769C00C4AA}.Ad-Hoc|iPhone.Deploy.0 = Release|Any CPU
		{1DBD34B8-C303-4978-B01C-B9769C00C4AA}.Ad-Hoc|iPhoneSimulator.ActiveCfg = Release|Any CPU
		{1DBD34B8-C303-4978-B01C-B9769C00C4AA}.Ad-Hoc|iPhoneSimulator.Build.0 = Release|Any CPU
		{1DBD34B8-C303-4978-B01C-B9769C00C4AA}.Ad-Hoc|iPhoneSimulator.Deploy.0 = Release|Any CPU
		{1DBD34B8-C303-4978-B01C-B9769C00C4AA}.Ad-Hoc|x64.ActiveCfg = Release|Any CPU
		{1DBD34B8-C303-4978-B01C-B9769C00C4AA}.Ad-Hoc|x64.Build.0 = Release|Any CPU
		{1DBD34B8-C303-4978-B01C-B9769C00C4AA}.Ad-Hoc|x64.Deploy.0 = Release|Any CPU
		{1DBD34B8-C303-4978-B01C-B9769C00C4AA}.Ad-Hoc|x86.ActiveCfg = Release|x86
		{1DBD34B8-C303-4978-B01C-B9769C00C4AA}.Ad-Hoc|x86.Build.0 = Release|x86
		{1DBD34B8-C303-4978-B01C-B9769C00C4AA}.Ad-Hoc|x86.Deploy.0 = Release|x86
		{1DBD34B8-C303-4978-B01C-B9769C00C4AA}.AppStore|Any CPU.ActiveCfg = Release|Any CPU
		{1DBD34B8-C303-4978-B01C-B9769C00C4AA}.AppStore|Any CPU.Build.0 = Release|Any CPU
		{1DBD34B8-C303-4978-B01C-B9769C00C4AA}.AppStore|Any CPU.Deploy.0 = Release|Any CPU
		{1DBD34B8-C303-4978-B01C-B9769C00C4AA}.AppStore|ARM.ActiveCfg = Release|ARM
		{1DBD34B8-C303-4978-B01C-B9769C00C4AA}.AppStore|ARM.Build.0 = Release|ARM
		{1DBD34B8-C303-4978-B01C-B9769C00C4AA}.AppStore|ARM.Deploy.0 = Release|ARM
		{1DBD34B8-C303-4978-B01C-B9769C00C4AA}.AppStore|iPhone.ActiveCfg = Release|Any CPU
		{1DBD34B8-C303-4978-B01C-B9769C00C4AA}.AppStore|iPhone.Build.0 = Release|Any CPU
		{1DBD34B8-C303-4978-B01C-B9769C00C4AA}.AppStore|iPhone.Deploy.0 = Release|Any CPU
		{1DBD34B8-C303-4978-B01C-B9769C00C4AA}.AppStore|iPhoneSimulator.ActiveCfg = Release|Any CPU
		{1DBD34B8-C303-4978-B01C-B9769C00C4AA}.AppStore|iPhoneSimulator.Build.0 = Release|Any CPU
		{1DBD34B8-C303-4978-B01C-B9769C00C4AA}.AppStore|iPhoneSimulator.Deploy.0 = Release|Any CPU
		{1DBD34B8-C303-4978-B01C-B9769C00C4AA}.AppStore|x64.ActiveCfg = Release|Any CPU
		{1DBD34B8-C303-4978-B01C-B9769C00C4AA}.AppStore|x64.Build.0 = Release|Any CPU
		{1DBD34B8-C303-4978-B01C-B9769C00C4AA}.AppStore|x64.Deploy.0 = Release|Any CPU
		{1DBD34B8-C303-4978-B01C-B9769C00C4AA}.AppStore|x86.ActiveCfg = Release|x86
		{1DBD34B8-C303-4978-B01C-B9769C00C4AA}.AppStore|x86.Build.0 = Release|x86
		{1DBD34B8-C303-4978-B01C-B9769C00C4AA}.AppStore|x86.Deploy.0 = Release|x86
		{1DBD34B8-C303-4978-B01C-B9769C00C4AA}.Debug|Any CPU.ActiveCfg = Debug|Any CPU
		{1DBD34B8-C303-4978-B01C-B9769C00C4AA}.Debug|Any CPU.Build.0 = Debug|Any CPU
		{1DBD34B8-C303-4978-B01C-B9769C00C4AA}.Debug|Any CPU.Deploy.0 = Debug|Any CPU
		{1DBD34B8-C303-4978-B01C-B9769C00C4AA}.Debug|ARM.ActiveCfg = Debug|ARM
		{1DBD34B8-C303-4978-B01C-B9769C00C4AA}.Debug|ARM.Build.0 = Debug|ARM
		{1DBD34B8-C303-4978-B01C-B9769C00C4AA}.Debug|ARM.Deploy.0 = Debug|ARM
		{1DBD34B8-C303-4978-B01C-B9769C00C4AA}.Debug|iPhone.ActiveCfg = Debug|Any CPU
		{1DBD34B8-C303-4978-B01C-B9769C00C4AA}.Debug|iPhone.Build.0 = Debug|Any CPU
		{1DBD34B8-C303-4978-B01C-B9769C00C4AA}.Debug|iPhone.Deploy.0 = Debug|Any CPU
		{1DBD34B8-C303-4978-B01C-B9769C00C4AA}.Debug|iPhoneSimulator.ActiveCfg = Debug|Any CPU
		{1DBD34B8-C303-4978-B01C-B9769C00C4AA}.Debug|iPhoneSimulator.Build.0 = Debug|Any CPU
		{1DBD34B8-C303-4978-B01C-B9769C00C4AA}.Debug|iPhoneSimulator.Deploy.0 = Debug|Any CPU
		{1DBD34B8-C303-4978-B01C-B9769C00C4AA}.Debug|x64.ActiveCfg = Debug|Any CPU
		{1DBD34B8-C303-4978-B01C-B9769C00C4AA}.Debug|x64.Build.0 = Debug|Any CPU
		{1DBD34B8-C303-4978-B01C-B9769C00C4AA}.Debug|x64.Deploy.0 = Debug|Any CPU
		{1DBD34B8-C303-4978-B01C-B9769C00C4AA}.Debug|x86.ActiveCfg = Debug|x86
		{1DBD34B8-C303-4978-B01C-B9769C00C4AA}.Debug|x86.Build.0 = Debug|x86
		{1DBD34B8-C303-4978-B01C-B9769C00C4AA}.Debug|x86.Deploy.0 = Debug|x86
		{1DBD34B8-C303-4978-B01C-B9769C00C4AA}.Release|Any CPU.ActiveCfg = Release|Any CPU
		{1DBD34B8-C303-4978-B01C-B9769C00C4AA}.Release|Any CPU.Build.0 = Release|Any CPU
		{1DBD34B8-C303-4978-B01C-B9769C00C4AA}.Release|Any CPU.Deploy.0 = Release|Any CPU
		{1DBD34B8-C303-4978-B01C-B9769C00C4AA}.Release|ARM.ActiveCfg = Release|ARM
		{1DBD34B8-C303-4978-B01C-B9769C00C4AA}.Release|ARM.Build.0 = Release|ARM
		{1DBD34B8-C303-4978-B01C-B9769C00C4AA}.Release|ARM.Deploy.0 = Release|ARM
		{1DBD34B8-C303-4978-B01C-B9769C00C4AA}.Release|iPhone.ActiveCfg = Release|Any CPU
		{1DBD34B8-C303-4978-B01C-B9769C00C4AA}.Release|iPhone.Build.0 = Release|Any CPU
		{1DBD34B8-C303-4978-B01C-B9769C00C4AA}.Release|iPhone.Deploy.0 = Release|Any CPU
		{1DBD34B8-C303-4978-B01C-B9769C00C4AA}.Release|iPhoneSimulator.ActiveCfg = Release|Any CPU
		{1DBD34B8-C303-4978-B01C-B9769C00C4AA}.Release|iPhoneSimulator.Build.0 = Release|Any CPU
		{1DBD34B8-C303-4978-B01C-B9769C00C4AA}.Release|iPhoneSimulator.Deploy.0 = Release|Any CPU
		{1DBD34B8-C303-4978-B01C-B9769C00C4AA}.Release|x64.ActiveCfg = Release|Any CPU
		{1DBD34B8-C303-4978-B01C-B9769C00C4AA}.Release|x64.Build.0 = Release|Any CPU
		{1DBD34B8-C303-4978-B01C-B9769C00C4AA}.Release|x64.Deploy.0 = Release|Any CPU
		{1DBD34B8-C303-4978-B01C-B9769C00C4AA}.Release|x86.ActiveCfg = Release|x86
		{1DBD34B8-C303-4978-B01C-B9769C00C4AA}.Release|x86.Build.0 = Release|x86
		{1DBD34B8-C303-4978-B01C-B9769C00C4AA}.Release|x86.Deploy.0 = Release|x86
		{DD75C50E-9A50-4777-849A-CE4202EE9DE7}.Ad-Hoc|Any CPU.ActiveCfg = Release|x86
		{DD75C50E-9A50-4777-849A-CE4202EE9DE7}.Ad-Hoc|Any CPU.Build.0 = Release|x86
		{DD75C50E-9A50-4777-849A-CE4202EE9DE7}.Ad-Hoc|Any CPU.Deploy.0 = Release|x86
		{DD75C50E-9A50-4777-849A-CE4202EE9DE7}.Ad-Hoc|ARM.ActiveCfg = Release|ARM
		{DD75C50E-9A50-4777-849A-CE4202EE9DE7}.Ad-Hoc|ARM.Build.0 = Release|ARM
		{DD75C50E-9A50-4777-849A-CE4202EE9DE7}.Ad-Hoc|ARM.Deploy.0 = Release|ARM
		{DD75C50E-9A50-4777-849A-CE4202EE9DE7}.Ad-Hoc|iPhone.ActiveCfg = Release|x86
		{DD75C50E-9A50-4777-849A-CE4202EE9DE7}.Ad-Hoc|iPhone.Build.0 = Release|x86
		{DD75C50E-9A50-4777-849A-CE4202EE9DE7}.Ad-Hoc|iPhone.Deploy.0 = Release|x86
		{DD75C50E-9A50-4777-849A-CE4202EE9DE7}.Ad-Hoc|iPhoneSimulator.ActiveCfg = Release|x86
		{DD75C50E-9A50-4777-849A-CE4202EE9DE7}.Ad-Hoc|iPhoneSimulator.Build.0 = Release|x86
		{DD75C50E-9A50-4777-849A-CE4202EE9DE7}.Ad-Hoc|iPhoneSimulator.Deploy.0 = Release|x86
		{DD75C50E-9A50-4777-849A-CE4202EE9DE7}.Ad-Hoc|x64.ActiveCfg = Release|x64
		{DD75C50E-9A50-4777-849A-CE4202EE9DE7}.Ad-Hoc|x64.Build.0 = Release|x64
		{DD75C50E-9A50-4777-849A-CE4202EE9DE7}.Ad-Hoc|x64.Deploy.0 = Release|x64
		{DD75C50E-9A50-4777-849A-CE4202EE9DE7}.Ad-Hoc|x86.ActiveCfg = Release|x86
		{DD75C50E-9A50-4777-849A-CE4202EE9DE7}.Ad-Hoc|x86.Build.0 = Release|x86
		{DD75C50E-9A50-4777-849A-CE4202EE9DE7}.Ad-Hoc|x86.Deploy.0 = Release|x86
		{DD75C50E-9A50-4777-849A-CE4202EE9DE7}.AppStore|Any CPU.ActiveCfg = Release|x86
		{DD75C50E-9A50-4777-849A-CE4202EE9DE7}.AppStore|Any CPU.Build.0 = Release|x86
		{DD75C50E-9A50-4777-849A-CE4202EE9DE7}.AppStore|Any CPU.Deploy.0 = Release|x86
		{DD75C50E-9A50-4777-849A-CE4202EE9DE7}.AppStore|ARM.ActiveCfg = Release|ARM
		{DD75C50E-9A50-4777-849A-CE4202EE9DE7}.AppStore|ARM.Build.0 = Release|ARM
		{DD75C50E-9A50-4777-849A-CE4202EE9DE7}.AppStore|ARM.Deploy.0 = Release|ARM
		{DD75C50E-9A50-4777-849A-CE4202EE9DE7}.AppStore|iPhone.ActiveCfg = Release|x86
		{DD75C50E-9A50-4777-849A-CE4202EE9DE7}.AppStore|iPhone.Build.0 = Release|x86
		{DD75C50E-9A50-4777-849A-CE4202EE9DE7}.AppStore|iPhone.Deploy.0 = Release|x86
		{DD75C50E-9A50-4777-849A-CE4202EE9DE7}.AppStore|iPhoneSimulator.ActiveCfg = Release|x86
		{DD75C50E-9A50-4777-849A-CE4202EE9DE7}.AppStore|iPhoneSimulator.Build.0 = Release|x86
		{DD75C50E-9A50-4777-849A-CE4202EE9DE7}.AppStore|iPhoneSimulator.Deploy.0 = Release|x86
		{DD75C50E-9A50-4777-849A-CE4202EE9DE7}.AppStore|x64.ActiveCfg = Release|x64
		{DD75C50E-9A50-4777-849A-CE4202EE9DE7}.AppStore|x64.Build.0 = Release|x64
		{DD75C50E-9A50-4777-849A-CE4202EE9DE7}.AppStore|x64.Deploy.0 = Release|x64
		{DD75C50E-9A50-4777-849A-CE4202EE9DE7}.AppStore|x86.ActiveCfg = Release|x86
		{DD75C50E-9A50-4777-849A-CE4202EE9DE7}.AppStore|x86.Build.0 = Release|x86
		{DD75C50E-9A50-4777-849A-CE4202EE9DE7}.AppStore|x86.Deploy.0 = Release|x86
		{DD75C50E-9A50-4777-849A-CE4202EE9DE7}.Debug|Any CPU.ActiveCfg = Debug|x86
		{DD75C50E-9A50-4777-849A-CE4202EE9DE7}.Debug|Any CPU.Build.0 = Debug|x86
		{DD75C50E-9A50-4777-849A-CE4202EE9DE7}.Debug|Any CPU.Deploy.0 = Debug|x86
		{DD75C50E-9A50-4777-849A-CE4202EE9DE7}.Debug|ARM.ActiveCfg = Debug|ARM
		{DD75C50E-9A50-4777-849A-CE4202EE9DE7}.Debug|ARM.Build.0 = Debug|ARM
		{DD75C50E-9A50-4777-849A-CE4202EE9DE7}.Debug|ARM.Deploy.0 = Debug|ARM
		{DD75C50E-9A50-4777-849A-CE4202EE9DE7}.Debug|iPhone.ActiveCfg = Debug|x86
		{DD75C50E-9A50-4777-849A-CE4202EE9DE7}.Debug|iPhoneSimulator.ActiveCfg = Debug|x86
		{DD75C50E-9A50-4777-849A-CE4202EE9DE7}.Debug|x64.ActiveCfg = Debug|x64
		{DD75C50E-9A50-4777-849A-CE4202EE9DE7}.Debug|x64.Build.0 = Debug|x64
		{DD75C50E-9A50-4777-849A-CE4202EE9DE7}.Debug|x64.Deploy.0 = Debug|x64
		{DD75C50E-9A50-4777-849A-CE4202EE9DE7}.Debug|x86.ActiveCfg = Debug|x86
		{DD75C50E-9A50-4777-849A-CE4202EE9DE7}.Debug|x86.Build.0 = Debug|x86
		{DD75C50E-9A50-4777-849A-CE4202EE9DE7}.Debug|x86.Deploy.0 = Debug|x86
		{DD75C50E-9A50-4777-849A-CE4202EE9DE7}.Release|Any CPU.ActiveCfg = Release|x86
		{DD75C50E-9A50-4777-849A-CE4202EE9DE7}.Release|ARM.ActiveCfg = Release|ARM
		{DD75C50E-9A50-4777-849A-CE4202EE9DE7}.Release|ARM.Build.0 = Release|ARM
		{DD75C50E-9A50-4777-849A-CE4202EE9DE7}.Release|ARM.Deploy.0 = Release|ARM
		{DD75C50E-9A50-4777-849A-CE4202EE9DE7}.Release|iPhone.ActiveCfg = Release|x86
		{DD75C50E-9A50-4777-849A-CE4202EE9DE7}.Release|iPhoneSimulator.ActiveCfg = Release|x86
		{DD75C50E-9A50-4777-849A-CE4202EE9DE7}.Release|x64.ActiveCfg = Release|x64
		{DD75C50E-9A50-4777-849A-CE4202EE9DE7}.Release|x64.Build.0 = Release|x64
		{DD75C50E-9A50-4777-849A-CE4202EE9DE7}.Release|x64.Deploy.0 = Release|x64
		{DD75C50E-9A50-4777-849A-CE4202EE9DE7}.Release|x86.ActiveCfg = Release|x86
		{DD75C50E-9A50-4777-849A-CE4202EE9DE7}.Release|x86.Build.0 = Release|x86
		{DD75C50E-9A50-4777-849A-CE4202EE9DE7}.Release|x86.Deploy.0 = Release|x86
		{E1EB5D6C-7696-4982-9EC0-CCDE451A75AC}.Ad-Hoc|Any CPU.ActiveCfg = Release|Any CPU
		{E1EB5D6C-7696-4982-9EC0-CCDE451A75AC}.Ad-Hoc|Any CPU.Build.0 = Release|Any CPU
		{E1EB5D6C-7696-4982-9EC0-CCDE451A75AC}.Ad-Hoc|Any CPU.Deploy.0 = Release|Any CPU
		{E1EB5D6C-7696-4982-9EC0-CCDE451A75AC}.Ad-Hoc|ARM.ActiveCfg = Release|ARM
		{E1EB5D6C-7696-4982-9EC0-CCDE451A75AC}.Ad-Hoc|ARM.Build.0 = Release|ARM
		{E1EB5D6C-7696-4982-9EC0-CCDE451A75AC}.Ad-Hoc|ARM.Deploy.0 = Release|ARM
		{E1EB5D6C-7696-4982-9EC0-CCDE451A75AC}.Ad-Hoc|iPhone.ActiveCfg = Release|Any CPU
		{E1EB5D6C-7696-4982-9EC0-CCDE451A75AC}.Ad-Hoc|iPhone.Build.0 = Release|Any CPU
		{E1EB5D6C-7696-4982-9EC0-CCDE451A75AC}.Ad-Hoc|iPhone.Deploy.0 = Release|Any CPU
		{E1EB5D6C-7696-4982-9EC0-CCDE451A75AC}.Ad-Hoc|iPhoneSimulator.ActiveCfg = Release|Any CPU
		{E1EB5D6C-7696-4982-9EC0-CCDE451A75AC}.Ad-Hoc|iPhoneSimulator.Build.0 = Release|Any CPU
		{E1EB5D6C-7696-4982-9EC0-CCDE451A75AC}.Ad-Hoc|iPhoneSimulator.Deploy.0 = Release|Any CPU
		{E1EB5D6C-7696-4982-9EC0-CCDE451A75AC}.Ad-Hoc|x64.ActiveCfg = Release|x64
		{E1EB5D6C-7696-4982-9EC0-CCDE451A75AC}.Ad-Hoc|x64.Build.0 = Release|x64
		{E1EB5D6C-7696-4982-9EC0-CCDE451A75AC}.Ad-Hoc|x64.Deploy.0 = Release|x64
		{E1EB5D6C-7696-4982-9EC0-CCDE451A75AC}.Ad-Hoc|x86.ActiveCfg = Release|x86
		{E1EB5D6C-7696-4982-9EC0-CCDE451A75AC}.Ad-Hoc|x86.Build.0 = Release|x86
		{E1EB5D6C-7696-4982-9EC0-CCDE451A75AC}.Ad-Hoc|x86.Deploy.0 = Release|x86
		{E1EB5D6C-7696-4982-9EC0-CCDE451A75AC}.AppStore|Any CPU.ActiveCfg = Release|Any CPU
		{E1EB5D6C-7696-4982-9EC0-CCDE451A75AC}.AppStore|Any CPU.Build.0 = Release|Any CPU
		{E1EB5D6C-7696-4982-9EC0-CCDE451A75AC}.AppStore|Any CPU.Deploy.0 = Release|Any CPU
		{E1EB5D6C-7696-4982-9EC0-CCDE451A75AC}.AppStore|ARM.ActiveCfg = Release|ARM
		{E1EB5D6C-7696-4982-9EC0-CCDE451A75AC}.AppStore|ARM.Build.0 = Release|ARM
		{E1EB5D6C-7696-4982-9EC0-CCDE451A75AC}.AppStore|ARM.Deploy.0 = Release|ARM
		{E1EB5D6C-7696-4982-9EC0-CCDE451A75AC}.AppStore|iPhone.ActiveCfg = Release|Any CPU
		{E1EB5D6C-7696-4982-9EC0-CCDE451A75AC}.AppStore|iPhone.Build.0 = Release|Any CPU
		{E1EB5D6C-7696-4982-9EC0-CCDE451A75AC}.AppStore|iPhone.Deploy.0 = Release|Any CPU
		{E1EB5D6C-7696-4982-9EC0-CCDE451A75AC}.AppStore|iPhoneSimulator.ActiveCfg = Release|Any CPU
		{E1EB5D6C-7696-4982-9EC0-CCDE451A75AC}.AppStore|iPhoneSimulator.Build.0 = Release|Any CPU
		{E1EB5D6C-7696-4982-9EC0-CCDE451A75AC}.AppStore|iPhoneSimulator.Deploy.0 = Release|Any CPU
		{E1EB5D6C-7696-4982-9EC0-CCDE451A75AC}.AppStore|x64.ActiveCfg = Release|x64
		{E1EB5D6C-7696-4982-9EC0-CCDE451A75AC}.AppStore|x64.Build.0 = Release|x64
		{E1EB5D6C-7696-4982-9EC0-CCDE451A75AC}.AppStore|x64.Deploy.0 = Release|x64
		{E1EB5D6C-7696-4982-9EC0-CCDE451A75AC}.AppStore|x86.ActiveCfg = Release|x86
		{E1EB5D6C-7696-4982-9EC0-CCDE451A75AC}.AppStore|x86.Build.0 = Release|x86
		{E1EB5D6C-7696-4982-9EC0-CCDE451A75AC}.AppStore|x86.Deploy.0 = Release|x86
		{E1EB5D6C-7696-4982-9EC0-CCDE451A75AC}.Debug|Any CPU.ActiveCfg = Debug|Any CPU
		{E1EB5D6C-7696-4982-9EC0-CCDE451A75AC}.Debug|Any CPU.Build.0 = Debug|Any CPU
		{E1EB5D6C-7696-4982-9EC0-CCDE451A75AC}.Debug|Any CPU.Deploy.0 = Debug|Any CPU
		{E1EB5D6C-7696-4982-9EC0-CCDE451A75AC}.Debug|ARM.ActiveCfg = Debug|ARM
		{E1EB5D6C-7696-4982-9EC0-CCDE451A75AC}.Debug|ARM.Build.0 = Debug|ARM
		{E1EB5D6C-7696-4982-9EC0-CCDE451A75AC}.Debug|ARM.Deploy.0 = Debug|ARM
		{E1EB5D6C-7696-4982-9EC0-CCDE451A75AC}.Debug|iPhone.ActiveCfg = Debug|Any CPU
		{E1EB5D6C-7696-4982-9EC0-CCDE451A75AC}.Debug|iPhone.Build.0 = Debug|Any CPU
		{E1EB5D6C-7696-4982-9EC0-CCDE451A75AC}.Debug|iPhone.Deploy.0 = Debug|Any CPU
		{E1EB5D6C-7696-4982-9EC0-CCDE451A75AC}.Debug|iPhoneSimulator.ActiveCfg = Debug|Any CPU
		{E1EB5D6C-7696-4982-9EC0-CCDE451A75AC}.Debug|iPhoneSimulator.Build.0 = Debug|Any CPU
		{E1EB5D6C-7696-4982-9EC0-CCDE451A75AC}.Debug|iPhoneSimulator.Deploy.0 = Debug|Any CPU
		{E1EB5D6C-7696-4982-9EC0-CCDE451A75AC}.Debug|x64.ActiveCfg = Debug|x64
		{E1EB5D6C-7696-4982-9EC0-CCDE451A75AC}.Debug|x64.Build.0 = Debug|x64
		{E1EB5D6C-7696-4982-9EC0-CCDE451A75AC}.Debug|x64.Deploy.0 = Debug|x64
		{E1EB5D6C-7696-4982-9EC0-CCDE451A75AC}.Debug|x86.ActiveCfg = Debug|x86
		{E1EB5D6C-7696-4982-9EC0-CCDE451A75AC}.Debug|x86.Build.0 = Debug|x86
		{E1EB5D6C-7696-4982-9EC0-CCDE451A75AC}.Debug|x86.Deploy.0 = Debug|x86
		{E1EB5D6C-7696-4982-9EC0-CCDE451A75AC}.Release|Any CPU.ActiveCfg = Release|Any CPU
		{E1EB5D6C-7696-4982-9EC0-CCDE451A75AC}.Release|Any CPU.Build.0 = Release|Any CPU
		{E1EB5D6C-7696-4982-9EC0-CCDE451A75AC}.Release|Any CPU.Deploy.0 = Release|Any CPU
		{E1EB5D6C-7696-4982-9EC0-CCDE451A75AC}.Release|ARM.ActiveCfg = Release|ARM
		{E1EB5D6C-7696-4982-9EC0-CCDE451A75AC}.Release|ARM.Build.0 = Release|ARM
		{E1EB5D6C-7696-4982-9EC0-CCDE451A75AC}.Release|ARM.Deploy.0 = Release|ARM
		{E1EB5D6C-7696-4982-9EC0-CCDE451A75AC}.Release|iPhone.ActiveCfg = Release|Any CPU
		{E1EB5D6C-7696-4982-9EC0-CCDE451A75AC}.Release|iPhone.Build.0 = Release|Any CPU
		{E1EB5D6C-7696-4982-9EC0-CCDE451A75AC}.Release|iPhone.Deploy.0 = Release|Any CPU
		{E1EB5D6C-7696-4982-9EC0-CCDE451A75AC}.Release|iPhoneSimulator.ActiveCfg = Release|Any CPU
		{E1EB5D6C-7696-4982-9EC0-CCDE451A75AC}.Release|iPhoneSimulator.Build.0 = Release|Any CPU
		{E1EB5D6C-7696-4982-9EC0-CCDE451A75AC}.Release|iPhoneSimulator.Deploy.0 = Release|Any CPU
		{E1EB5D6C-7696-4982-9EC0-CCDE451A75AC}.Release|x64.ActiveCfg = Release|x64
		{E1EB5D6C-7696-4982-9EC0-CCDE451A75AC}.Release|x64.Build.0 = Release|x64
		{E1EB5D6C-7696-4982-9EC0-CCDE451A75AC}.Release|x64.Deploy.0 = Release|x64
		{E1EB5D6C-7696-4982-9EC0-CCDE451A75AC}.Release|x86.ActiveCfg = Release|x86
		{E1EB5D6C-7696-4982-9EC0-CCDE451A75AC}.Release|x86.Build.0 = Release|x86
		{E1EB5D6C-7696-4982-9EC0-CCDE451A75AC}.Release|x86.Deploy.0 = Release|x86
	EndGlobalSection
	GlobalSection(SolutionProperties) = preSolution
		HideSolutionNode = FALSE
	EndGlobalSection
EndGlobal
